// !$*UTF8*$!
{
	archiveVersion = 1;
	classes = {
	};
	objectVersion = 56;
	objects = {

/* Begin PBXBuildFile section */
		5DAD97AD2AE5838200EF08A1 /* parcial3App.swift in Sources */ = {isa = PBXBuildFile; fileRef = 5DAD97AC2AE5838200EF08A1 /* parcial3App.swift */; };
		5DAD97AF2AE5838200EF08A1 /* ContentView.swift in Sources */ = {isa = PBXBuildFile; fileRef = 5DAD97AE2AE5838200EF08A1 /* ContentView.swift */; };
		5DAD97B12AE5838B00EF08A1 /* Assets.xcassets in Resources */ = {isa = PBXBuildFile; fileRef = 5DAD97B02AE5838B00EF08A1 /* Assets.xcassets */; };
		5DAD97B52AE5838B00EF08A1 /* Preview Assets.xcassets in Resources */ = {isa = PBXBuildFile; fileRef = 5DAD97B42AE5838B00EF08A1 /* Preview Assets.xcassets */; };
		5DAD97BF2AE5838B00EF08A1 /* parcial3Tests.swift in Sources */ = {isa = PBXBuildFile; fileRef = 5DAD97BE2AE5838B00EF08A1 /* parcial3Tests.swift */; };
		5DAD97C92AE5838B00EF08A1 /* parcial3UITests.swift in Sources */ = {isa = PBXBuildFile; fileRef = 5DAD97C82AE5838B00EF08A1 /* parcial3UITests.swift */; };
		5DAD97CB2AE5838B00EF08A1 /* parcial3UITestsLaunchTests.swift in Sources */ = {isa = PBXBuildFile; fileRef = 5DAD97CA2AE5838B00EF08A1 /* parcial3UITestsLaunchTests.swift */; };
/* End PBXBuildFile section */

/* Begin PBXContainerItemProxy section */
		5DAD97BB2AE5838B00EF08A1 /* PBXContainerItemProxy */ = {
			isa = PBXContainerItemProxy;
			containerPortal = 5DAD97A12AE5838200EF08A1 /* Project object */;
			proxyType = 1;
			remoteGlobalIDString = 5DAD97A82AE5838200EF08A1;
			remoteInfo = parcial3;
		};
		5DAD97C52AE5838B00EF08A1 /* PBXContainerItemProxy */ = {
			isa = PBXContainerItemProxy;
			containerPortal = 5DAD97A12AE5838200EF08A1 /* Project object */;
			proxyType = 1;
			remoteGlobalIDString = 5DAD97A82AE5838200EF08A1;
			remoteInfo = parcial3;
		};
/* End PBXContainerItemProxy section */

/* Begin PBXFileReference section */
		5DAD97A92AE5838200EF08A1 /* parcial3.app */ = {isa = PBXFileReference; explicitFileType = wrapper.application; includeInIndex = 0; path = parcial3.app; sourceTree = BUILT_PRODUCTS_DIR; };
		5DAD97AC2AE5838200EF08A1 /* parcial3App.swift */ = {isa = PBXFileReference; lastKnownFileType = sourcecode.swift; path = parcial3App.swift; sourceTree = "<group>"; };
		5DAD97AE2AE5838200EF08A1 /* ContentView.swift */ = {isa = PBXFileReference; lastKnownFileType = sourcecode.swift; path = ContentView.swift; sourceTree = "<group>"; };
		5DAD97B02AE5838B00EF08A1 /* Assets.xcassets */ = {isa = PBXFileReference; lastKnownFileType = folder.assetcatalog; path = Assets.xcassets; sourceTree = "<group>"; };
		5DAD97B22AE5838B00EF08A1 /* parcial3.entitlements */ = {isa = PBXFileReference; lastKnownFileType = text.plist.entitlements; path = parcial3.entitlements; sourceTree = "<group>"; };
		5DAD97B42AE5838B00EF08A1 /* Preview Assets.xcassets */ = {isa = PBXFileReference; lastKnownFileType = folder.assetcatalog; path = "Preview Assets.xcassets"; sourceTree = "<group>"; };
		5DAD97BA2AE5838B00EF08A1 /* parcial3Tests.xctest */ = {isa = PBXFileReference; explicitFileType = wrapper.cfbundle; includeInIndex = 0; path = parcial3Tests.xctest; sourceTree = BUILT_PRODUCTS_DIR; };
		5DAD97BE2AE5838B00EF08A1 /* parcial3Tests.swift */ = {isa = PBXFileReference; lastKnownFileType = sourcecode.swift; path = parcial3Tests.swift; sourceTree = "<group>"; };
		5DAD97C42AE5838B00EF08A1 /* parcial3UITests.xctest */ = {isa = PBXFileReference; explicitFileType = wrapper.cfbundle; includeInIndex = 0; path = parcial3UITests.xctest; sourceTree = BUILT_PRODUCTS_DIR; };
		5DAD97C82AE5838B00EF08A1 /* parcial3UITests.swift */ = {isa = PBXFileReference; lastKnownFileType = sourcecode.swift; path = parcial3UITests.swift; sourceTree = "<group>"; };
		5DAD97CA2AE5838B00EF08A1 /* parcial3UITestsLaunchTests.swift */ = {isa = PBXFileReference; lastKnownFileType = sourcecode.swift; path = parcial3UITestsLaunchTests.swift; sourceTree = "<group>"; };
/* End PBXFileReference section */

/* Begin PBXFrameworksBuildPhase section */
		5DAD97A62AE5838200EF08A1 /* Frameworks */ = {
			isa = PBXFrameworksBuildPhase;
			buildActionMask = 2147483647;
			files = (
			);
			runOnlyForDeploymentPostprocessing = 0;
		};
		5DAD97B72AE5838B00EF08A1 /* Frameworks */ = {
			isa = PBXFrameworksBuildPhase;
			buildActionMask = 2147483647;
			files = (
			);
			runOnlyForDeploymentPostprocessing = 0;
		};
		5DAD97C12AE5838B00EF08A1 /* Frameworks */ = {
			isa = PBXFrameworksBuildPhase;
			buildActionMask = 2147483647;
			files = (
			);
			runOnlyForDeploymentPostprocessing = 0;
		};
/* End PBXFrameworksBuildPhase section */

/* Begin PBXGroup section */
		5DAD97A02AE5838200EF08A1 = {
			isa = PBXGroup;
			children = (
				5DAD97AB2AE5838200EF08A1 /* parcial3 */,
				5DAD97BD2AE5838B00EF08A1 /* parcial3Tests */,
				5DAD97C72AE5838B00EF08A1 /* parcial3UITests */,
				5DAD97AA2AE5838200EF08A1 /* Products */,
			);
			sourceTree = "<group>";
		};
		5DAD97AA2AE5838200EF08A1 /* Products */ = {
			isa = PBXGroup;
			children = (
				5DAD97A92AE5838200EF08A1 /* parcial3.app */,
				5DAD97BA2AE5838B00EF08A1 /* parcial3Tests.xctest */,
				5DAD97C42AE5838B00EF08A1 /* parcial3UITests.xctest */,
			);
			name = Products;
			sourceTree = "<group>";
		};
		5DAD97AB2AE5838200EF08A1 /* parcial3 */ = {
			isa = PBXGroup;
			children = (
				5DAD97AC2AE5838200EF08A1 /* parcial3App.swift */,
				5DAD97AE2AE5838200EF08A1 /* ContentView.swift */,
				5DAD97B02AE5838B00EF08A1 /* Assets.xcassets */,
				5DAD97B22AE5838B00EF08A1 /* parcial3.entitlements */,
				5DAD97B32AE5838B00EF08A1 /* Preview Content */,
			);
			path = parcial3;
			sourceTree = "<group>";
		};
		5DAD97B32AE5838B00EF08A1 /* Preview Content */ = {
			isa = PBXGroup;
			children = (
				5DAD97B42AE5838B00EF08A1 /* Preview Assets.xcassets */,
			);
			path = "Preview Content";
			sourceTree = "<group>";
		};
		5DAD97BD2AE5838B00EF08A1 /* parcial3Tests */ = {
			isa = PBXGroup;
			children = (
				5DAD97BE2AE5838B00EF08A1 /* parcial3Tests.swift */,
			);
			path = parcial3Tests;
			sourceTree = "<group>";
		};
		5DAD97C72AE5838B00EF08A1 /* parcial3UITests */ = {
			isa = PBXGroup;
			children = (
				5DAD97C82AE5838B00EF08A1 /* parcial3UITests.swift */,
				5DAD97CA2AE5838B00EF08A1 /* parcial3UITestsLaunchTests.swift */,
			);
			path = parcial3UITests;
			sourceTree = "<group>";
		};
/* End PBXGroup section */

/* Begin PBXNativeTarget section */
		5DAD97A82AE5838200EF08A1 /* parcial3 */ = {
			isa = PBXNativeTarget;
			buildConfigurationList = 5DAD97CE2AE5838B00EF08A1 /* Build configuration list for PBXNativeTarget "parcial3" */;
			buildPhases = (
				5DAD97A52AE5838200EF08A1 /* Sources */,
				5DAD97A62AE5838200EF08A1 /* Frameworks */,
				5DAD97A72AE5838200EF08A1 /* Resources */,
			);
			buildRules = (
			);
			dependencies = (
			);
			name = parcial3;
			productName = parcial3;
			productReference = 5DAD97A92AE5838200EF08A1 /* parcial3.app */;
			productType = "com.apple.product-type.application";
		};
		5DAD97B92AE5838B00EF08A1 /* parcial3Tests */ = {
			isa = PBXNativeTarget;
			buildConfigurationList = 5DAD97D12AE5838B00EF08A1 /* Build configuration list for PBXNativeTarget "parcial3Tests" */;
			buildPhases = (
				5DAD97B62AE5838B00EF08A1 /* Sources */,
				5DAD97B72AE5838B00EF08A1 /* Frameworks */,
				5DAD97B82AE5838B00EF08A1 /* Resources */,
			);
			buildRules = (
			);
			dependencies = (
				5DAD97BC2AE5838B00EF08A1 /* PBXTargetDependency */,
			);
			name = parcial3Tests;
			productName = parcial3Tests;
			productReference = 5DAD97BA2AE5838B00EF08A1 /* parcial3Tests.xctest */;
			productType = "com.apple.product-type.bundle.unit-test";
		};
		5DAD97C32AE5838B00EF08A1 /* parcial3UITests */ = {
			isa = PBXNativeTarget;
			buildConfigurationList = 5DAD97D42AE5838B00EF08A1 /* Build configuration list for PBXNativeTarget "parcial3UITests" */;
			buildPhases = (
				5DAD97C02AE5838B00EF08A1 /* Sources */,
				5DAD97C12AE5838B00EF08A1 /* Frameworks */,
				5DAD97C22AE5838B00EF08A1 /* Resources */,
			);
			buildRules = (
			);
			dependencies = (
				5DAD97C62AE5838B00EF08A1 /* PBXTargetDependency */,
			);
			name = parcial3UITests;
			productName = parcial3UITests;
			productReference = 5DAD97C42AE5838B00EF08A1 /* parcial3UITests.xctest */;
			productType = "com.apple.product-type.bundle.ui-testing";
		};
/* End PBXNativeTarget section */

/* Begin PBXProject section */
		5DAD97A12AE5838200EF08A1 /* Project object */ = {
			isa = PBXProject;
			attributes = {
				BuildIndependentTargetsInParallel = 1;
				LastSwiftUpdateCheck = 1430;
				LastUpgradeCheck = 1430;
				TargetAttributes = {
					5DAD97A82AE5838200EF08A1 = {
						CreatedOnToolsVersion = 14.3.1;
					};
					5DAD97B92AE5838B00EF08A1 = {
						CreatedOnToolsVersion = 14.3.1;
						TestTargetID = 5DAD97A82AE5838200EF08A1;
					};
					5DAD97C32AE5838B00EF08A1 = {
						CreatedOnToolsVersion = 14.3.1;
						TestTargetID = 5DAD97A82AE5838200EF08A1;
					};
				};
			};
			buildConfigurationList = 5DAD97A42AE5838200EF08A1 /* Build configuration list for PBXProject "parcial3" */;
			compatibilityVersion = "Xcode 14.0";
			developmentRegion = en;
			hasScannedForEncodings = 0;
			knownRegions = (
				en,
				Base,
			);
			mainGroup = 5DAD97A02AE5838200EF08A1;
			productRefGroup = 5DAD97AA2AE5838200EF08A1 /* Products */;
			projectDirPath = "";
			projectRoot = "";
			targets = (
				5DAD97A82AE5838200EF08A1 /* parcial3 */,
				5DAD97B92AE5838B00EF08A1 /* parcial3Tests */,
				5DAD97C32AE5838B00EF08A1 /* parcial3UITests */,
			);
		};
/* End PBXProject section */

/* Begin PBXResourcesBuildPhase section */
		5DAD97A72AE5838200EF08A1 /* Resources */ = {
			isa = PBXResourcesBuildPhase;
			buildActionMask = 2147483647;
			files = (
				5DAD97B52AE5838B00EF08A1 /* Preview Assets.xcassets in Resources */,
				5DAD97B12AE5838B00EF08A1 /* Assets.xcassets in Resources */,
			);
			runOnlyForDeploymentPostprocessing = 0;
		};
		5DAD97B82AE5838B00EF08A1 /* Resources */ = {
			isa = PBXResourcesBuildPhase;
			buildActionMask = 2147483647;
			files = (
			);
			runOnlyForDeploymentPostprocessing = 0;
		};
		5DAD97C22AE5838B00EF08A1 /* Resources */ = {
			isa = PBXResourcesBuildPhase;
			buildActionMask = 2147483647;
			files = (
			);
			runOnlyForDeploymentPostprocessing = 0;
		};
/* End PBXResourcesBuildPhase section */

/* Begin PBXSourcesBuildPhase section */
		5DAD97A52AE5838200EF08A1 /* Sources */ = {
			isa = PBXSourcesBuildPhase;
			buildActionMask = 2147483647;
			files = (
				5DAD97AF2AE5838200EF08A1 /* ContentView.swift in Sources */,
				5DAD97AD2AE5838200EF08A1 /* parcial3App.swift in Sources */,
			);
			runOnlyForDeploymentPostprocessing = 0;
		};
		5DAD97B62AE5838B00EF08A1 /* Sources */ = {
			isa = PBXSourcesBuildPhase;
			buildActionMask = 2147483647;
			files = (
				5DAD97BF2AE5838B00EF08A1 /* parcial3Tests.swift in Sources */,
			);
			runOnlyForDeploymentPostprocessing = 0;
		};
		5DAD97C02AE5838B00EF08A1 /* Sources */ = {
			isa = PBXSourcesBuildPhase;
			buildActionMask = 2147483647;
			files = (
				5DAD97CB2AE5838B00EF08A1 /* parcial3UITestsLaunchTests.swift in Sources */,
				5DAD97C92AE5838B00EF08A1 /* parcial3UITests.swift in Sources */,
			);
			runOnlyForDeploymentPostprocessing = 0;
		};
/* End PBXSourcesBuildPhase section */

/* Begin PBXTargetDependency section */
		5DAD97BC2AE5838B00EF08A1 /* PBXTargetDependency */ = {
			isa = PBXTargetDependency;
			target = 5DAD97A82AE5838200EF08A1 /* parcial3 */;
			targetProxy = 5DAD97BB2AE5838B00EF08A1 /* PBXContainerItemProxy */;
		};
		5DAD97C62AE5838B00EF08A1 /* PBXTargetDependency */ = {
			isa = PBXTargetDependency;
			target = 5DAD97A82AE5838200EF08A1 /* parcial3 */;
			targetProxy = 5DAD97C52AE5838B00EF08A1 /* PBXContainerItemProxy */;
		};
/* End PBXTargetDependency section */

/* Begin XCBuildConfiguration section */
		5DAD97CC2AE5838B00EF08A1 /* Debug */ = {
			isa = XCBuildConfiguration;
			buildSettings = {
				ALWAYS_SEARCH_USER_PATHS = NO;
				CLANG_ANALYZER_NONNULL = YES;
				CLANG_ANALYZER_NUMBER_OBJECT_CONVERSION = YES_AGGRESSIVE;
				CLANG_CXX_LANGUAGE_STANDARD = "gnu++20";
				CLANG_ENABLE_MODULES = YES;
				CLANG_ENABLE_OBJC_ARC = YES;
				CLANG_ENABLE_OBJC_WEAK = YES;
				CLANG_WARN_BLOCK_CAPTURE_AUTORELEASING = YES;
				CLANG_WARN_BOOL_CONVERSION = YES;
				CLANG_WARN_COMMA = YES;
				CLANG_WARN_CONSTANT_CONVERSION = YES;
				CLANG_WARN_DEPRECATED_OBJC_IMPLEMENTATIONS = YES;
				CLANG_WARN_DIRECT_OBJC_ISA_USAGE = YES_ERROR;
				CLANG_WARN_DOCUMENTATION_COMMENTS = YES;
				CLANG_WARN_EMPTY_BODY = YES;
				CLANG_WARN_ENUM_CONVERSION = YES;
				CLANG_WARN_INFINITE_RECURSION = YES;
				CLANG_WARN_INT_CONVERSION = YES;
				CLANG_WARN_NON_LITERAL_NULL_CONVERSION = YES;
				CLANG_WARN_OBJC_IMPLICIT_RETAIN_SELF = YES;
				CLANG_WARN_OBJC_LITERAL_CONVERSION = YES;
				CLANG_WARN_OBJC_ROOT_CLASS = YES_ERROR;
				CLANG_WARN_QUOTED_INCLUDE_IN_FRAMEWORK_HEADER = YES;
				CLANG_WARN_RANGE_LOOP_ANALYSIS = YES;
				CLANG_WARN_STRICT_PROTOTYPES = YES;
				CLANG_WARN_SUSPICIOUS_MOVE = YES;
				CLANG_WARN_UNGUARDED_AVAILABILITY = YES_AGGRESSIVE;
				CLANG_WARN_UNREACHABLE_CODE = YES;
				CLANG_WARN__DUPLICATE_METHOD_MATCH = YES;
				COPY_PHASE_STRIP = NO;
				DEBUG_INFORMATION_FORMAT = dwarf;
				ENABLE_STRICT_OBJC_MSGSEND = YES;
				ENABLE_TESTABILITY = YES;
				GCC_C_LANGUAGE_STANDARD = gnu11;
				GCC_DYNAMIC_NO_PIC = NO;
				GCC_NO_COMMON_BLOCKS = YES;
				GCC_OPTIMIZATION_LEVEL = 0;
				GCC_PREPROCESSOR_DEFINITIONS = (
					"DEBUG=1",
					"$(inherited)",
				);
				GCC_WARN_64_TO_32_BIT_CONVERSION = YES;
				GCC_WARN_ABOUT_RETURN_TYPE = YES_ERROR;
				GCC_WARN_UNDECLARED_SELECTOR = YES;
				GCC_WARN_UNINITIALIZED_AUTOS = YES_AGGRESSIVE;
				GCC_WARN_UNUSED_FUNCTION = YES;
				GCC_WARN_UNUSED_VARIABLE = YES;
				MTL_ENABLE_DEBUG_INFO = INCLUDE_SOURCE;
				MTL_FAST_MATH = YES;
				ONLY_ACTIVE_ARCH = YES;
				SWIFT_ACTIVE_COMPILATION_CONDITIONS = DEBUG;
				SWIFT_OPTIMIZATION_LEVEL = "-Onone";
			};
			name = Debug;
		};
		5DAD97CD2AE5838B00EF08A1 /* Release */ = {
			isa = XCBuildConfiguration;
			buildSettings = {
				ALWAYS_SEARCH_USER_PATHS = NO;
				CLANG_ANALYZER_NONNULL = YES;
				CLANG_ANALYZER_NUMBER_OBJECT_CONVERSION = YES_AGGRESSIVE;
				CLANG_CXX_LANGUAGE_STANDARD = "gnu++20";
				CLANG_ENABLE_MODULES = YES;
				CLANG_ENABLE_OBJC_ARC = YES;
				CLANG_ENABLE_OBJC_WEAK = YES;
				CLANG_WARN_BLOCK_CAPTURE_AUTORELEASING = YES;
				CLANG_WARN_BOOL_CONVERSION = YES;
				CLANG_WARN_COMMA = YES;
				CLANG_WARN_CONSTANT_CONVERSION = YES;
				CLANG_WARN_DEPRECATED_OBJC_IMPLEMENTATIONS = YES;
				CLANG_WARN_DIRECT_OBJC_ISA_USAGE = YES_ERROR;
				CLANG_WARN_DOCUMENTATION_COMMENTS = YES;
				CLANG_WARN_EMPTY_BODY = YES;
				CLANG_WARN_ENUM_CONVERSION = YES;
				CLANG_WARN_INFINITE_RECURSION = YES;
				CLANG_WARN_INT_CONVERSION = YES;
				CLANG_WARN_NON_LITERAL_NULL_CONVERSION = YES;
				CLANG_WARN_OBJC_IMPLICIT_RETAIN_SELF = YES;
				CLANG_WARN_OBJC_LITERAL_CONVERSION = YES;
				CLANG_WARN_OBJC_ROOT_CLASS = YES_ERROR;
				CLANG_WARN_QUOTED_INCLUDE_IN_FRAMEWORK_HEADER = YES;
				CLANG_WARN_RANGE_LOOP_ANALYSIS = YES;
				CLANG_WARN_STRICT_PROTOTYPES = YES;
				CLANG_WARN_SUSPICIOUS_MOVE = YES;
				CLANG_WARN_UNGUARDED_AVAILABILITY = YES_AGGRESSIVE;
				CLANG_WARN_UNREACHABLE_CODE = YES;
				CLANG_WARN__DUPLICATE_METHOD_MATCH = YES;
				COPY_PHASE_STRIP = NO;
				DEBUG_INFORMATION_FORMAT = "dwarf-with-dsym";
				ENABLE_NS_ASSERTIONS = NO;
				ENABLE_STRICT_OBJC_MSGSEND = YES;
				GCC_C_LANGUAGE_STANDARD = gnu11;
				GCC_NO_COMMON_BLOCKS = YES;
				GCC_WARN_64_TO_32_BIT_CONVERSION = YES;
				GCC_WARN_ABOUT_RETURN_TYPE = YES_ERROR;
				GCC_WARN_UNDECLARED_SELECTOR = YES;
				GCC_WARN_UNINITIALIZED_AUTOS = YES_AGGRESSIVE;
				GCC_WARN_UNUSED_FUNCTION = YES;
				GCC_WARN_UNUSED_VARIABLE = YES;
				MTL_ENABLE_DEBUG_INFO = NO;
				MTL_FAST_MATH = YES;
				SWIFT_COMPILATION_MODE = wholemodule;
				SWIFT_OPTIMIZATION_LEVEL = "-O";
			};
			name = Release;
		};
		5DAD97CF2AE5838B00EF08A1 /* Debug */ = {
			isa = XCBuildConfiguration;
			buildSettings = {
				ASSETCATALOG_COMPILER_APPICON_NAME = AppIcon;
				ASSETCATALOG_COMPILER_GLOBAL_ACCENT_COLOR_NAME = AccentColor;
				CODE_SIGN_ENTITLEMENTS = parcial3/parcial3.entitlements;
				CODE_SIGN_STYLE = Automatic;
				CURRENT_PROJECT_VERSION = 1;
				DEVELOPMENT_ASSET_PATHS = "\"parcial3/Preview Content\"";
				ENABLE_PREVIEWS = YES;
				GENERATE_INFOPLIST_FILE = YES;
				"INFOPLIST_KEY_UIApplicationSceneManifest_Generation[sdk=iphoneos*]" = YES;
				"INFOPLIST_KEY_UIApplicationSceneManifest_Generation[sdk=iphonesimulator*]" = YES;
				"INFOPLIST_KEY_UIApplicationSupportsIndirectInputEvents[sdk=iphoneos*]" = YES;
				"INFOPLIST_KEY_UIApplicationSupportsIndirectInputEvents[sdk=iphonesimulator*]" = YES;
				"INFOPLIST_KEY_UILaunchScreen_Generation[sdk=iphoneos*]" = YES;
				"INFOPLIST_KEY_UILaunchScreen_Generation[sdk=iphonesimulator*]" = YES;
				"INFOPLIST_KEY_UIStatusBarStyle[sdk=iphoneos*]" = UIStatusBarStyleDefault;
				"INFOPLIST_KEY_UIStatusBarStyle[sdk=iphonesimulator*]" = UIStatusBarStyleDefault;
				INFOPLIST_KEY_UISupportedInterfaceOrientations_iPad = "UIInterfaceOrientationPortrait UIInterfaceOrientationPortraitUpsideDown UIInterfaceOrientationLandscapeLeft UIInterfaceOrientationLandscapeRight";
				INFOPLIST_KEY_UISupportedInterfaceOrientations_iPhone = "UIInterfaceOrientationPortrait UIInterfaceOrientationLandscapeLeft UIInterfaceOrientationLandscapeRight";
				IPHONEOS_DEPLOYMENT_TARGET = 16.4;
				LD_RUNPATH_SEARCH_PATHS = "@executable_path/Frameworks";
				"LD_RUNPATH_SEARCH_PATHS[sdk=macosx*]" = "@executable_path/../Frameworks";
				MACOSX_DEPLOYMENT_TARGET = 13.0;
				MARKETING_VERSION = 1.0;
				PRODUCT_BUNDLE_IDENTIFIER = parcial.parcial3;
				PRODUCT_NAME = "$(TARGET_NAME)";
				SDKROOT = auto;
				SUPPORTED_PLATFORMS = "iphoneos iphonesimulator macosx";
				SWIFT_EMIT_LOC_STRINGS = YES;
				SWIFT_VERSION = 5.0;
				TARGETED_DEVICE_FAMILY = "1,2";
			};
			name = Debug;
		};
		5DAD97D02AE5838B00EF08A1 /* Release */ = {
			isa = XCBuildConfiguration;
			buildSettings = {
				ASSETCATALOG_COMPILER_APPICON_NAME = AppIcon;
				ASSETCATALOG_COMPILER_GLOBAL_ACCENT_COLOR_NAME = AccentColor;
				CODE_SIGN_ENTITLEMENTS = parcial3/parcial3.entitlements;
				CODE_SIGN_STYLE = Automatic;
				CURRENT_PROJECT_VERSION = 1;
				DEVELOPMENT_ASSET_PATHS = "\"parcial3/Preview Content\"";
				ENABLE_PREVIEWS = YES;
				GENERATE_INFOPLIST_FILE = YES;
				"INFOPLIST_KEY_UIApplicationSceneManifest_Generation[sdk=iphoneos*]" = YES;
				"INFOPLIST_KEY_UIApplicationSceneManifest_Generation[sdk=iphonesimulator*]" = YES;
				"INFOPLIST_KEY_UIApplicationSupportsIndirectInputEvents[sdk=iphoneos*]" = YES;
				"INFOPLIST_KEY_UIApplicationSupportsIndirectInputEvents[sdk=iphonesimulator*]" = YES;
				"INFOPLIST_KEY_UILaunchScreen_Generation[sdk=iphoneos*]" = YES;
				"INFOPLIST_KEY_UILaunchScreen_Generation[sdk=iphonesimulator*]" = YES;
				"INFOPLIST_KEY_UIStatusBarStyle[sdk=iphoneos*]" = UIStatusBarStyleDefault;
				"INFOPLIST_KEY_UIStatusBarStyle[sdk=iphonesimulator*]" = UIStatusBarStyleDefault;
				INFOPLIST_KEY_UISupportedInterfaceOrientations_iPad = "UIInterfaceOrientationPortrait UIInterfaceOrientationPortraitUpsideDown UIInterfaceOrientationLandscapeLeft UIInterfaceOrientationLandscapeRight";
				INFOPLIST_KEY_UISupportedInterfaceOrientations_iPhone = "UIInterfaceOrientationPortrait UIInterfaceOrientationLandscapeLeft UIInterfaceOrientationLandscapeRight";
				IPHONEOS_DEPLOYMENT_TARGET = 16.4;
				LD_RUNPATH_SEARCH_PATHS = "@executable_path/Frameworks";
				"LD_RUNPATH_SEARCH_PATHS[sdk=macosx*]" = "@executable_path/../Frameworks";
				MACOSX_DEPLOYMENT_TARGET = 13.0;
				MARKETING_VERSION = 1.0;
				PRODUCT_BUNDLE_IDENTIFIER = parcial.parcial3;
				PRODUCT_NAME = "$(TARGET_NAME)";
				SDKROOT = auto;
				SUPPORTED_PLATFORMS = "iphoneos iphonesimulator macosx";
				SWIFT_EMIT_LOC_STRINGS = YES;
				SWIFT_VERSION = 5.0;
				TARGETED_DEVICE_FAMILY = "1,2";
			};
			name = Release;
		};
		5DAD97D22AE5838B00EF08A1 /* Debug */ = {
			isa = XCBuildConfiguration;
			buildSettings = {
				ALWAYS_EMBED_SWIFT_STANDARD_LIBRARIES = YES;
				BUNDLE_LOADER = "$(TEST_HOST)";
				CODE_SIGN_STYLE = Automatic;
				CURRENT_PROJECT_VERSION = 1;
				GENERATE_INFOPLIST_FILE = YES;
				IPHONEOS_DEPLOYMENT_TARGET = 16.4;
				MACOSX_DEPLOYMENT_TARGET = 13.0;
				MARKETING_VERSION = 1.0;
				PRODUCT_BUNDLE_IDENTIFIER = parcial.parcial3Tests;
				PRODUCT_NAME = "$(TARGET_NAME)";
				SDKROOT = auto;
				SUPPORTED_PLATFORMS = "iphoneos iphonesimulator macosx";
				SWIFT_EMIT_LOC_STRINGS = NO;
				SWIFT_VERSION = 5.0;
				TARGETED_DEVICE_FAMILY = "1,2";
				TEST_HOST = "$(BUILT_PRODUCTS_DIR)/parcial3.app/$(BUNDLE_EXECUTABLE_FOLDER_PATH)/parcial3";
			};
			name = Debug;
		};
		5DAD97D32AE5838B00EF08A1 /* Release */ = {
			isa = XCBuildConfiguration;
			buildSettings = {
				ALWAYS_EMBED_SWIFT_STANDARD_LIBRARIES = YES;
				BUNDLE_LOADER = "$(TEST_HOST)";
				CODE_SIGN_STYLE = Automatic;
				CURRENT_PROJECT_VERSION = 1;
				GENERATE_INFOPLIST_FILE = YES;
				IPHONEOS_DEPLOYMENT_TARGET = 16.4;
				MACOSX_DEPLOYMENT_TARGET = 13.0;
				MARKETING_VERSION = 1.0;
				PRODUCT_BUNDLE_IDENTIFIER = parcial.parcial3Tests;
				PRODUCT_NAME = "$(TARGET_NAME)";
				SDKROOT = auto;
				SUPPORTED_PLATFORMS = "iphoneos iphonesimulator macosx";
				SWIFT_EMIT_LOC_STRINGS = NO;
				SWIFT_VERSION = 5.0;
				TARGETED_DEVICE_FAMILY = "1,2";
				TEST_HOST = "$(BUILT_PRODUCTS_DIR)/parcial3.app/$(BUNDLE_EXECUTABLE_FOLDER_PATH)/parcial3";
			};
			name = Release;
		};
		5DAD97D52AE5838B00EF08A1 /* Debug */ = {
			isa = XCBuildConfiguration;
			buildSettings = {
				ALWAYS_EMBED_SWIFT_STANDARD_LIBRARIES = YES;
				CODE_SIGN_STYLE = Automatic;
				CURRENT_PROJECT_VERSION = 1;
				GENERATE_INFOPLIST_FILE = YES;
				IPHONEOS_DEPLOYMENT_TARGET = 16.4;
				MACOSX_DEPLOYMENT_TARGET = 13.0;
				MARKETING_VERSION = 1.0;
				PRODUCT_BUNDLE_IDENTIFIER = parcial.parcial3UITests;
				PRODUCT_NAME = "$(TARGET_NAME)";
				SDKROOT = auto;
				SUPPORTED_PLATFORMS = "iphoneos iphonesimulator macosx";
				SWIFT_EMIT_LOC_STRINGS = NO;
				SWIFT_VERSION = 5.0;
				TARGETED_DEVICE_FAMILY = "1,2";
				TEST_TARGET_NAME = parcial3;
			};
			name = Debug;
		};
		5DAD97D62AE5838B00EF08A1 /* Release */ = {
			isa = XCBuildConfiguration;
			buildSettings = {
				ALWAYS_EMBED_SWIFT_STANDARD_LIBRARIES = YES;
				CODE_SIGN_STYLE = Automatic;
				CURRENT_PROJECT_VERSION = 1;
				GENERATE_INFOPLIST_FILE = YES;
				IPHONEOS_DEPLOYMENT_TARGET = 16.4;
				MACOSX_DEPLOYMENT_TARGET = 13.0;
				MARKETING_VERSION = 1.0;
				PRODUCT_BUNDLE_IDENTIFIER = parcial.parcial3UITests;
				PRODUCT_NAME = "$(TARGET_NAME)";
				SDKROOT = auto;
				SUPPORTED_PLATFORMS = "iphoneos iphonesimulator macosx";
				SWIFT_EMIT_LOC_STRINGS = NO;
				SWIFT_VERSION = 5.0;
				TARGETED_DEVICE_FAMILY = "1,2";
				TEST_TARGET_NAME = parcial3;
			};
			name = Release;
		};
/* End XCBuildConfiguration section */

/* Begin XCConfigurationList section */
		5DAD97A42AE5838200EF08A1 /* Build configuration list for PBXProject "parcial3" */ = {
			isa = XCConfigurationList;
			buildConfigurations = (
				5DAD97CC2AE5838B00EF08A1 /* Debug */,
				5DAD97CD2AE5838B00EF08A1 /* Release */,
			);
			defaultConfigurationIsVisible = 0;
			defaultConfigurationName = Release;
		};
		5DAD97CE2AE5838B00EF08A1 /* Build configuration list for PBXNativeTarget "parcial3" */ = {
			isa = XCConfigurationList;
			buildConfigurations = (
				5DAD97CF2AE5838B00EF08A1 /* Debug */,
				5DAD97D02AE5838B00EF08A1 /* Release */,
			);
			defaultConfigurationIsVisible = 0;
			defaultConfigurationName = Release;
		};
		5DAD97D12AE5838B00EF08A1 /* Build configuration list for PBXNativeTarget "parcial3Tests" */ = {
			isa = XCConfigurationList;
			buildConfigurations = (
				5DAD97D22AE5838B00EF08A1 /* Debug */,
				5DAD97D32AE5838B00EF08A1 /* Release */,
			);
			defaultConfigurationIsVisible = 0;
			defaultConfigurationName = Release;
		};
		5DAD97D42AE5838B00EF08A1 /* Build configuration list for PBXNativeTarget "parcial3UITests" */ = {
			isa = XCConfigurationList;
			buildConfigurations = (
				5DAD97D52AE5838B00EF08A1 /* Debug */,
				5DAD97D62AE5838B00EF08A1 /* Release */,
			);
			defaultConfigurationIsVisible = 0;
			defaultConfigurationName = Release;
		};
/* End XCConfigurationList section */
	};
	rootObject = 5DAD97A12AE5838200EF08A1 /* Project object */;
}
